# This file was autogenerated by Stack.
# You should not edit this file by hand.
# For more information, please see the documentation at:
#   https://docs.haskellstack.org/en/stable/lock_files

packages:
- completed:
    hackage: haddock-api-2.22.0@sha256:031df5c3f72d93df025317518ad6d87bccecdb43e6c8ca5db9457c8137d5418d,5946
    pantry-tree:
      size: 4374
      sha256: 11734bc60e1177a836dfc902e3fa476af9268e71e3f4b9c0f1891ec46a651f74
  original:
    hackage: haddock-api-2.22.0
snapshots:
- completed:
    size: 619399
    url: https://raw.githubusercontent.com/commercialhaskell/stackage-snapshots/master/lts/19/23.yaml
    sha256: f5d9002479d87103fd070f17cfe71fcd2147676f1e47a2dabca5ab91a42b846d
  original:
    url: https://raw.githubusercontent.com/commercialhaskell/stackage-snapshots/master/lts/19/23.yaml
